
Microsoft Visual Studio Solution File, Format Version 12.00
# Visual Studio Version 17
VisualStudioVersion = 17.14.36310.24
MinimumVisualStudioVersion = 10.0.40219.1
Project("{FAE04EC0-301F-11D3-BF4B-00C04F79EFBC}") = "RabbitMQ.MassTransit.Shared", "RabbitMQ.MassTransit.Shared\RabbitMQ.MassTransit.Shared.csproj", "{D70057CE-B90F-43DB-BC88-681A49B0AFB0}"
EndProject
Project("{FAE04EC0-301F-11D3-BF4B-00C04F79EFBC}") = "RabbitMQ.MassTransit.Publisher", "RabbitMQ.MassTransit.Publisher\RabbitMQ.MassTransit.Publisher.csproj", "{8F821B9F-E72A-44DF-8C9C-33B41DBA388E}"
EndProject
Project("{FAE04EC0-301F-11D3-BF4B-00C04F79EFBC}") = "RabbitMQ.MassTransit.Consumer", "RabbitMQ.MassTransit.Consumer\RabbitMQ.MassTransit.Consumer.csproj", "{20F0F6D4-5A9E-47C4-B200-2ECC6C69697A}"
EndProject
Project("{FAE04EC0-301F-11D3-BF4B-00C04F79EFBC}") = "RabbitMQ.MassTransit.WorkerService.Publisher", "RabbitMQ.MassTransit.WorkerService.Publisher\RabbitMQ.MassTransit.WorkerService.Publisher.csproj", "{677D2F57-19B5-4E89-9743-9A703E07964A}"
EndProject
Project("{FAE04EC0-301F-11D3-BF4B-00C04F79EFBC}") = "RabbitMQ.Masstransit.WorkerService.Consumer", "RabbitMQ.Masstransit.WorkerService.Consumer\RabbitMQ.Masstransit.WorkerService.Consumer.csproj", "{13486136-EB4E-49D9-B618-C288FFAA5E6E}"
EndProject
Project("{FAE04EC0-301F-11D3-BF4B-00C04F79EFBC}") = "RabbitMQ.Masstransit.RequestResponsePattern.Consumer", "RabbitMQ.Masstransit.RequestResponsePattern.Consumer\RabbitMQ.Masstransit.RequestResponsePattern.Consumer.csproj", "{43974E3F-F750-438E-B4AB-73D3190A01A2}"
EndProject
Project("{FAE04EC0-301F-11D3-BF4B-00C04F79EFBC}") = "RabbitMQ.Masstransit.RequestResponsePattern.Publisher", "RabbitMQ.Masstransit.RequestResponsePattern.Publisher\RabbitMQ.Masstransit.RequestResponsePattern.Publisher.csproj", "{F3E4435D-1232-4EB0-9DCE-F379D3AFFE3D}"
EndProject
Global
	GlobalSection(SolutionConfigurationPlatforms) = preSolution
		Debug|Any CPU = Debug|Any CPU
		Release|Any CPU = Release|Any CPU
	EndGlobalSection
	GlobalSection(ProjectConfigurationPlatforms) = postSolution
		{D70057CE-B90F-43DB-BC88-681A49B0AFB0}.Debug|Any CPU.ActiveCfg = Debug|Any CPU
		{D70057CE-B90F-43DB-BC88-681A49B0AFB0}.Debug|Any CPU.Build.0 = Debug|Any CPU
		{D70057CE-B90F-43DB-BC88-681A49B0AFB0}.Release|Any CPU.ActiveCfg = Release|Any CPU
		{D70057CE-B90F-43DB-BC88-681A49B0AFB0}.Release|Any CPU.Build.0 = Release|Any CPU
		{8F821B9F-E72A-44DF-8C9C-33B41DBA388E}.Debug|Any CPU.ActiveCfg = Debug|Any CPU
		{8F821B9F-E72A-44DF-8C9C-33B41DBA388E}.Debug|Any CPU.Build.0 = Debug|Any CPU
		{8F821B9F-E72A-44DF-8C9C-33B41DBA388E}.Release|Any CPU.ActiveCfg = Release|Any CPU
		{8F821B9F-E72A-44DF-8C9C-33B41DBA388E}.Release|Any CPU.Build.0 = Release|Any CPU
		{20F0F6D4-5A9E-47C4-B200-2ECC6C69697A}.Debug|Any CPU.ActiveCfg = Debug|Any CPU
		{20F0F6D4-5A9E-47C4-B200-2ECC6C69697A}.Debug|Any CPU.Build.0 = Debug|Any CPU
		{20F0F6D4-5A9E-47C4-B200-2ECC6C69697A}.Release|Any CPU.ActiveCfg = Release|Any CPU
		{20F0F6D4-5A9E-47C4-B200-2ECC6C69697A}.Release|Any CPU.Build.0 = Release|Any CPU
		{677D2F57-19B5-4E89-9743-9A703E07964A}.Debug|Any CPU.ActiveCfg = Debug|Any CPU
		{677D2F57-19B5-4E89-9743-9A703E07964A}.Debug|Any CPU.Build.0 = Debug|Any CPU
		{677D2F57-19B5-4E89-9743-9A703E07964A}.Release|Any CPU.ActiveCfg = Release|Any CPU
		{677D2F57-19B5-4E89-9743-9A703E07964A}.Release|Any CPU.Build.0 = Release|Any CPU
		{13486136-EB4E-49D9-B618-C288FFAA5E6E}.Debug|Any CPU.ActiveCfg = Debug|Any CPU
		{13486136-EB4E-49D9-B618-C288FFAA5E6E}.Debug|Any CPU.Build.0 = Debug|Any CPU
		{13486136-EB4E-49D9-B618-C288FFAA5E6E}.Release|Any CPU.ActiveCfg = Release|Any CPU
		{13486136-EB4E-49D9-B618-C288FFAA5E6E}.Release|Any CPU.Build.0 = Release|Any CPU
		{43974E3F-F750-438E-B4AB-73D3190A01A2}.Debug|Any CPU.ActiveCfg = Debug|Any CPU
		{43974E3F-F750-438E-B4AB-73D3190A01A2}.Debug|Any CPU.Build.0 = Debug|Any CPU
		{43974E3F-F750-438E-B4AB-73D3190A01A2}.Release|Any CPU.ActiveCfg = Release|Any CPU
		{43974E3F-F750-438E-B4AB-73D3190A01A2}.Release|Any CPU.Build.0 = Release|Any CPU
		{F3E4435D-1232-4EB0-9DCE-F379D3AFFE3D}.Debug|Any CPU.ActiveCfg = Debug|Any CPU
		{F3E4435D-1232-4EB0-9DCE-F379D3AFFE3D}.Debug|Any CPU.Build.0 = Debug|Any CPU
		{F3E4435D-1232-4EB0-9DCE-F379D3AFFE3D}.Release|Any CPU.ActiveCfg = Release|Any CPU
		{F3E4435D-1232-4EB0-9DCE-F379D3AFFE3D}.Release|Any CPU.Build.0 = Release|Any CPU
	EndGlobalSection
	GlobalSection(SolutionProperties) = preSolution
		HideSolutionNode = FALSE
	EndGlobalSection
	GlobalSection(ExtensibilityGlobals) = postSolution
		SolutionGuid = {64CACF38-C339-4CE8-8C47-C82D53DD7A78}
	EndGlobalSection
EndGlobal
